
Microsoft Visual Studio Solution File, Format Version 12.00
# Visual Studio 14
VisualStudioVersion = 14.0.22823.1
MinimumVisualStudioVersion = 10.0.40219.1
Project("{FAE04EC0-301F-11D3-BF4B-00C04F79EFBC}") = "Calculator", "Calculator\Calculator.csproj", "{98A29423-6495-4A6F-BB53-8A68F32026D5}"
EndProject
Project("{FAE04EC0-301F-11D3-BF4B-00C04F79EFBC}") = "Calculator.UnitTests", "Calculator.UnitTests\Calculator.UnitTests.csproj", "{5197DB02-1183-4FE1-A171-C7FCB93EC187}"
EndProject
Project("{FAE04EC0-301F-11D3-BF4B-00C04F79EFBC}") = "Calculator.AcceptanceTests", "Calculator.AcceptanceTests\Calculator.AcceptanceTests.csproj", "{4D0047BC-ECCE-4A1F-B246-EBB3E7E0B9F8}"
EndProject
Global
	GlobalSection(SolutionConfigurationPlatforms) = preSolution
		Debug|Any CPU = Debug|Any CPU
		Release|Any CPU = Release|Any CPU
	EndGlobalSection
	GlobalSection(ProjectConfigurationPlatforms) = postSolution
		{98A29423-6495-4A6F-BB53-8A68F32026D5}.Debug|Any CPU.ActiveCfg = Debug|Any CPU
		{98A29423-6495-4A6F-BB53-8A68F32026D5}.Debug|Any CPU.Build.0 = Debug|Any CPU
		{98A29423-6495-4A6F-BB53-8A68F32026D5}.Release|Any CPU.ActiveCfg = Release|Any CPU
		{98A29423-6495-4A6F-BB53-8A68F32026D5}.Release|Any CPU.Build.0 = Release|Any CPU
		{5197DB02-1183-4FE1-A171-C7FCB93EC187}.Debug|Any CPU.ActiveCfg = Debug|Any CPU
		{5197DB02-1183-4FE1-A171-C7FCB93EC187}.Debug|Any CPU.Build.0 = Debug|Any CPU
		{5197DB02-1183-4FE1-A171-C7FCB93EC187}.Release|Any CPU.ActiveCfg = Release|Any CPU
		{5197DB02-1183-4FE1-A171-C7FCB93EC187}.Release|Any CPU.Build.0 = Release|Any CPU
		{4D0047BC-ECCE-4A1F-B246-EBB3E7E0B9F8}.Debug|Any CPU.ActiveCfg = Debug|Any CPU
		{4D0047BC-ECCE-4A1F-B246-EBB3E7E0B9F8}.Debug|Any CPU.Build.0 = Debug|Any CPU
		{4D0047BC-ECCE-4A1F-B246-EBB3E7E0B9F8}.Release|Any CPU.ActiveCfg = Release|Any CPU
		{4D0047BC-ECCE-4A1F-B246-EBB3E7E0B9F8}.Release|Any CPU.Build.0 = Release|Any CPU
	EndGlobalSection
	GlobalSection(SolutionProperties) = preSolution
		HideSolutionNode = FALSE
	EndGlobalSection
EndGlobal
